
Microsoft Visual Studio Solution File, Format Version 12.00
# Visual Studio Version 17
VisualStudioVersion = 17.8.34525.116
MinimumVisualStudioVersion = 10.0.40219.1
Project("{FAE04EC0-301F-11D3-BF4B-00C04F79EFBC}") = "ReferenceTypes", "ReferenceTypes\ReferenceTypes.csproj", "{46B397C3-206E-46D1-8FC4-33E8E16A9C3E}"
EndProject
Project("{FAE04EC0-301F-11D3-BF4B-00C04F79EFBC}") = "Constructors", "Constructors\Constructors.csproj", "{0CB1A458-2EE3-4EE4-B969-63A9DB30DC99}"
EndProject
Project("{FAE04EC0-301F-11D3-BF4B-00C04F79EFBC}") = "Interfaces", "Interfaces\Interfaces.csproj", "{A37EB8B8-813C-46C3-A38C-1362933559D7}"
EndProject
Global
	GlobalSection(SolutionConfigurationPlatforms) = preSolution
		Debug|Any CPU = Debug|Any CPU
		Release|Any CPU = Release|Any CPU
	EndGlobalSection
	GlobalSection(ProjectConfigurationPlatforms) = postSolution
		{46B397C3-206E-46D1-8FC4-33E8E16A9C3E}.Debug|Any CPU.ActiveCfg = Debug|Any CPU
		{46B397C3-206E-46D1-8FC4-33E8E16A9C3E}.Debug|Any CPU.Build.0 = Debug|Any CPU
		{46B397C3-206E-46D1-8FC4-33E8E16A9C3E}.Release|Any CPU.ActiveCfg = Release|Any CPU
		{46B397C3-206E-46D1-8FC4-33E8E16A9C3E}.Release|Any CPU.Build.0 = Release|Any CPU
		{0CB1A458-2EE3-4EE4-B969-63A9DB30DC99}.Debug|Any CPU.ActiveCfg = Debug|Any CPU
		{0CB1A458-2EE3-4EE4-B969-63A9DB30DC99}.Debug|Any CPU.Build.0 = Debug|Any CPU
		{0CB1A458-2EE3-4EE4-B969-63A9DB30DC99}.Release|Any CPU.ActiveCfg = Release|Any CPU
		{0CB1A458-2EE3-4EE4-B969-63A9DB30DC99}.Release|Any CPU.Build.0 = Release|Any CPU
		{A37EB8B8-813C-46C3-A38C-1362933559D7}.Debug|Any CPU.ActiveCfg = Debug|Any CPU
		{A37EB8B8-813C-46C3-A38C-1362933559D7}.Debug|Any CPU.Build.0 = Debug|Any CPU
		{A37EB8B8-813C-46C3-A38C-1362933559D7}.Release|Any CPU.ActiveCfg = Release|Any CPU
		{A37EB8B8-813C-46C3-A38C-1362933559D7}.Release|Any CPU.Build.0 = Release|Any CPU
	EndGlobalSection
	GlobalSection(SolutionProperties) = preSolution
		HideSolutionNode = FALSE
	EndGlobalSection
	GlobalSection(ExtensibilityGlobals) = postSolution
		SolutionGuid = {AAF56E0C-E6EF-4D9D-8189-5B63B6383C9F}
	EndGlobalSection
EndGlobal
